
Microsoft Visual Studio Solution File, Format Version 12.00
# Visual Studio 15
VisualStudioVersion = 15.0.27703.2042
MinimumVisualStudioVersion = 10.0.40219.1
Project("{9A19103F-16F7-4668-BE54-9A1E7A4F7556}") = "KenHaise.AspNetCore.Jwt", "KenHaise.AspNetCore.Jwt\KenHaise.AspNetCore.Jwt.csproj", "{10A94C93-8908-453B-8D18-A2A7BEF92EBC}"
EndProject
Project("{9A19103F-16F7-4668-BE54-9A1E7A4F7556}") = "KenHaise.AspNetCore.Jwt.Demo", "KenHaise.AspNetCore.Jwt.Demo\KenHaise.AspNetCore.Jwt.Demo.csproj", "{20FA4711-1DA0-479C-8130-F20D04FE57B6}"
EndProject
Project("{9A19103F-16F7-4668-BE54-9A1E7A4F7556}") = "KenHaise.AspNetCore.Jwt.Test", "KenHaise.AspNetCore.Jwt.Test\KenHaise.AspNetCore.Jwt.Test.csproj", "{B7F72873-F12C-4109-BC5D-B1A23E66551C}"
EndProject
Global
	GlobalSection(SolutionConfigurationPlatforms) = preSolution
		Debug|Any CPU = Debug|Any CPU
		Release|Any CPU = Release|Any CPU
	EndGlobalSection
	GlobalSection(ProjectConfigurationPlatforms) = postSolution
		{10A94C93-8908-453B-8D18-A2A7BEF92EBC}.Debug|Any CPU.ActiveCfg = Debug|Any CPU
		{10A94C93-8908-453B-8D18-A2A7BEF92EBC}.Debug|Any CPU.Build.0 = Debug|Any CPU
		{10A94C93-8908-453B-8D18-A2A7BEF92EBC}.Release|Any CPU.ActiveCfg = Release|Any CPU
		{10A94C93-8908-453B-8D18-A2A7BEF92EBC}.Release|Any CPU.Build.0 = Release|Any CPU
		{20FA4711-1DA0-479C-8130-F20D04FE57B6}.Debug|Any CPU.ActiveCfg = Debug|Any CPU
		{20FA4711-1DA0-479C-8130-F20D04FE57B6}.Debug|Any CPU.Build.0 = Debug|Any CPU
		{20FA4711-1DA0-479C-8130-F20D04FE57B6}.Release|Any CPU.ActiveCfg = Release|Any CPU
		{20FA4711-1DA0-479C-8130-F20D04FE57B6}.Release|Any CPU.Build.0 = Release|Any CPU
		{B7F72873-F12C-4109-BC5D-B1A23E66551C}.Debug|Any CPU.ActiveCfg = Debug|Any CPU
		{B7F72873-F12C-4109-BC5D-B1A23E66551C}.Debug|Any CPU.Build.0 = Debug|Any CPU
		{B7F72873-F12C-4109-BC5D-B1A23E66551C}.Release|Any CPU.ActiveCfg = Release|Any CPU
		{B7F72873-F12C-4109-BC5D-B1A23E66551C}.Release|Any CPU.Build.0 = Release|Any CPU
	EndGlobalSection
	GlobalSection(SolutionProperties) = preSolution
		HideSolutionNode = FALSE
	EndGlobalSection
	GlobalSection(ExtensibilityGlobals) = postSolution
		SolutionGuid = {2DED1778-15AE-4DC6-8FEA-3F86CA284055}
	EndGlobalSection
EndGlobal
